
Microsoft Visual Studio Solution File, Format Version 12.00
Project("{FAE04EC0-301F-11D3-BF4B-00C04F79EFBC}") = "Introduktion", "Introduktion\Introduktion.csproj", "{4E40F9AA-AA45-4F14-ACE4-8C4273394E97}"
EndProject
Project("{FAE04EC0-301F-11D3-BF4B-00C04F79EFBC}") = "MyLibrary", "MyLibrary\MyLibrary.csproj", "{359088D9-DB0B-4FFD-A88B-E04ED0F6CDC1}"
EndProject
Project("{FAE04EC0-301F-11D3-BF4B-00C04F79EFBC}") = "Liste", "Liste\Liste.csproj", "{B836E46B-678F-40DC-A9F1-04E577851A7F}"
EndProject
Project("{FAE04EC0-301F-11D3-BF4B-00C04F79EFBC}") = "BasicsAndLogic", "BasicsAndLogic\BasicsAndLogic.csproj", "{E565DC8B-C51C-403B-8D53-33C6EE2D851A}"
EndProject
Project("{FAE04EC0-301F-11D3-BF4B-00C04F79EFBC}") = "Fibonacci", "Fibonacci\Fibonacci.csproj", "{168D7A1E-FFA2-4ED8-B128-EF861AC92454}"
EndProject
Project("{FAE04EC0-301F-11D3-BF4B-00C04F79EFBC}") = "ErrorHandling", "ErrorHandling\ErrorHandling.csproj", "{0C1236B7-93FF-492C-9D81-089264984AD0}"
EndProject
Project("{FAE04EC0-301F-11D3-BF4B-00C04F79EFBC}") = "ShapeInheritance", "ShapeInheritance\ShapeInheritance.csproj", "{AEF2585F-EE23-489A-8F22-A4D0866F3AF9}"
EndProject
Project("{FAE04EC0-301F-11D3-BF4B-00C04F79EFBC}") = "DelegatesLambda", "DelegatesLambda\DelegatesLambda.csproj", "{64439F17-5261-44A2-ADF1-67E2A6A1DC8F}"
EndProject
Project("{FAE04EC0-301F-11D3-BF4B-00C04F79EFBC}") = "ActionDelegateLab", "ActionDelegateLab\ActionDelegateLab.csproj", "{04C05BAD-6DD9-4FB8-9B13-EA52EFC49755}"
EndProject
Project("{FAE04EC0-301F-11D3-BF4B-00C04F79EFBC}") = "Rekursion", "Rekursion\Rekursion.csproj", "{1AD4D082-A1FE-4690-B81F-0A2BC1431BD1}"
EndProject
Project("{FAE04EC0-301F-11D3-BF4B-00C04F79EFBC}") = "CardGame", "CardGame\CardGame.csproj", "{4DB89AAA-F335-41FE-A2F8-D6DC833EF36D}"
EndProject
Project("{FAE04EC0-301F-11D3-BF4B-00C04F79EFBC}") = "Interface", "Interface\Interface.csproj", "{45FBFA2A-CA67-4B3A-B713-21B14863BF24}"
EndProject
Project("{2150E333-8FDC-42A3-9474-1A3956D46DE8}") = "Lektion 5", "Lektion 5", "{4E74CABD-9B7A-4147-BBD6-657BD0E8A31A}"
EndProject
Project("{2150E333-8FDC-42A3-9474-1A3956D46DE8}") = "Lektion 4", "Lektion 4", "{64A35B5E-A23A-48D3-AE50-B7B3877C8972}"
EndProject
Project("{2150E333-8FDC-42A3-9474-1A3956D46DE8}") = "Lektion 3", "Lektion 3", "{804FCAC3-F1BE-4C7A-9DB9-A483B9741DB8}"
EndProject
Project("{2150E333-8FDC-42A3-9474-1A3956D46DE8}") = "Lektion 2", "Lektion 2", "{F508946A-B008-405A-8447-3B7380D3BF68}"
EndProject
Project("{2150E333-8FDC-42A3-9474-1A3956D46DE8}") = "Lektion 1", "Lektion 1", "{DEF19761-C2D9-44CF-A4C9-95B4ECEE563D}"
EndProject
Project("{FAE04EC0-301F-11D3-BF4B-00C04F79EFBC}") = "SearchLambda", "SearchLambda\SearchLambda.csproj", "{6CCDDF74-8101-4CFD-9FCB-D1732BFD0D75}"
EndProject
Project("{FAE04EC0-301F-11D3-BF4B-00C04F79EFBC}") = "LinQ", "LinQ\LinQ.csproj", "{F834250E-5144-436D-AE67-405D8C8BF7FE}"
EndProject
Project("{FAE04EC0-301F-11D3-BF4B-00C04F79EFBC}") = "ListOfPeople", "ListOfPeople\ListOfPeople.csproj", "{35384D88-14F2-4C24-AA2D-BF63009BF3B4}"
EndProject
Project("{2150E333-8FDC-42A3-9474-1A3956D46DE8}") = "Lektion 6", "Lektion 6", "{ABDCB75D-13FE-488C-8E43-F1CAC6E86786}"
EndProject
Project("{2150E333-8FDC-42A3-9474-1A3956D46DE8}") = "Lektion 7", "Lektion 7", "{F6E5AF36-FCC9-46A9-9EB6-B71BA72D9319}"
EndProject
Project("{FAE04EC0-301F-11D3-BF4B-00C04F79EFBC}") = "MyFirstMVC", "MyFirstMVC\MyFirstMVC.csproj", "{F7294228-5CAA-4C93-8B17-61B7748C3B4F}"
EndProject
Project("{2150E333-8FDC-42A3-9474-1A3956D46DE8}") = "Lektion 8", "Lektion 8", "{F7B36F32-67E0-4775-B722-D914AEEB0110}"
EndProject
Project("{2150E333-8FDC-42A3-9474-1A3956D46DE8}") = "Lektion 9", "Lektion 9", "{3B3B371D-1647-4AF8-B177-C1A6FE4B3FBA}"
EndProject
Project("{FAE04EC0-301F-11D3-BF4B-00C04F79EFBC}") = "StartUp", "StartUp\StartUp\StartUp.csproj", "{E147910A-38C9-43CA-B986-C16CA7888F70}"
EndProject
Project("{FAE04EC0-301F-11D3-BF4B-00C04F79EFBC}") = "MusicStore", "MusicStore\MusicStore.csproj", "{F76A0854-DD4E-4C4B-8B8F-5C69356EC7C0}"
EndProject
Project("{2150E333-8FDC-42A3-9474-1A3956D46DE8}") = "Lektion 10", "Lektion 10", "{8117E0B9-954A-4C41-A242-11E31BEC278C}"
EndProject
Project("{FAE04EC0-301F-11D3-BF4B-00C04F79EFBC}") = "HelperMethods", "HelperMethods\HelperMethods.csproj", "{EAEE95A4-81AE-4171-BBC3-5763A0C0BA32}"
EndProject
Project("{FAE04EC0-301F-11D3-BF4B-00C04F79EFBC}") = "Parking", "Parking\Parking.csproj", "{E59F8BE4-AFFF-43B5-919D-DC63D9F7D464}"
EndProject
Project("{FAE04EC0-301F-11D3-BF4B-00C04F79EFBC}") = "Sale", "Sale\Sale.csproj", "{50B703E1-56DA-4E8F-B948-779C50BF44EF}"
EndProject
Project("{FAE04EC0-301F-11D3-BF4B-00C04F79EFBC}") = "PersonListe", "PersonListe\PersonListe.csproj", "{89FBC3FB-8A39-483A-822B-997FDFE46387}"
EndProject
Project("{2150E333-8FDC-42A3-9474-1A3956D46DE8}") = "Lektion 11", "Lektion 11", "{3A5A16BF-5F36-4E2D-9F0D-A6D48012D16D}"
EndProject
Project("{2150E333-8FDC-42A3-9474-1A3956D46DE8}") = "Lektion 12", "Lektion 12", "{403E2CF6-74FF-43E9-9A17-58EE46659925}"
EndProject
Project("{2150E333-8FDC-42A3-9474-1A3956D46DE8}") = "Exsample Cars", "Exsample Cars", "{37D6E087-2B85-4CF7-A317-C60AA0A9F489}"
EndProject
Project("{FAE04EC0-301F-11D3-BF4B-00C04F79EFBC}") = "Cars", "Cars\Cars\Cars.csproj", "{E1872506-4F63-401C-B0FE-3DEF07A5BDBC}"
EndProject
Project("{FAE04EC0-301F-11D3-BF4B-00C04F79EFBC}") = "CarAPI", "Cars\CarAPI\CarAPI.csproj", "{4BC5078F-ABB9-4DF1-9EBD-C965AA657E85}"
EndProject
Project("{FAE04EC0-301F-11D3-BF4B-00C04F79EFBC}") = "test2", "Cars\test2\test2.csproj", "{8539F432-1990-4A1C-BF62-33D5127717AE}"
EndProject
Project("{FAE04EC0-301F-11D3-BF4B-00C04F79EFBC}") = "APIKlient", "APIKlient\APIKlient.csproj", "{1B3095F8-A91E-4A2C-96D2-C03ED90AC9B6}"
EndProject
Project("{FAE04EC0-301F-11D3-BF4B-00C04F79EFBC}") = "PersonWebAPI", "PersonWebAPI\PersonWebAPI.csproj", "{B0A8093E-CA17-4195-94AC-A30D0D439FCD}"
EndProject
Project("{FAE04EC0-301F-11D3-BF4B-00C04F79EFBC}") = "APIKlientPerson", "APIKlientPerson\APIKlientPerson.csproj", "{937557E8-E34C-4EBA-9AC9-D378987F1B1E}"
EndProject
Project("{FAE04EC0-301F-11D3-BF4B-00C04F79EFBC}") = "GarageManager", "GarageManager\GarageManager.csproj", "{21BAD1C8-B0DA-437B-8F57-444FD2ECF566}"
EndProject
Project("{2150E333-8FDC-42A3-9474-1A3956D46DE8}") = "Lektion 13", "Lektion 13", "{1EF03DD0-AA06-4EF5-A853-6699E2BE445E}"
EndProject
Project("{2150E333-8FDC-42A3-9474-1A3956D46DE8}") = "Lektion 14", "Lektion 14", "{21275761-F03F-45E9-AE6A-BD32F52FE30C}"
EndProject
Project("{FAE04EC0-301F-11D3-BF4B-00C04F79EFBC}") = "CalculatorClient", "CalculatorClient\CalculatorClient.csproj", "{D1009AE5-36B1-4F95-B490-9EE0580C770B}"
EndProject
Project("{FAE04EC0-301F-11D3-BF4B-00C04F79EFBC}") = "CalculatorServer", "CalculatorServer\CalculatorServer.csproj", "{C1FBFA6C-7BB8-4275-B719-EBDB30629EF6}"
EndProject
Global
	GlobalSection(SolutionConfigurationPlatforms) = preSolution
		Debug|Any CPU = Debug|Any CPU
		Release|Any CPU = Release|Any CPU
	EndGlobalSection
	GlobalSection(ProjectConfigurationPlatforms) = postSolution
		{4E40F9AA-AA45-4F14-ACE4-8C4273394E97}.Debug|Any CPU.ActiveCfg = Debug|Any CPU
		{4E40F9AA-AA45-4F14-ACE4-8C4273394E97}.Debug|Any CPU.Build.0 = Debug|Any CPU
		{4E40F9AA-AA45-4F14-ACE4-8C4273394E97}.Release|Any CPU.ActiveCfg = Release|Any CPU
		{4E40F9AA-AA45-4F14-ACE4-8C4273394E97}.Release|Any CPU.Build.0 = Release|Any CPU
		{359088D9-DB0B-4FFD-A88B-E04ED0F6CDC1}.Debug|Any CPU.ActiveCfg = Debug|Any CPU
		{359088D9-DB0B-4FFD-A88B-E04ED0F6CDC1}.Debug|Any CPU.Build.0 = Debug|Any CPU
		{359088D9-DB0B-4FFD-A88B-E04ED0F6CDC1}.Release|Any CPU.ActiveCfg = Release|Any CPU
		{359088D9-DB0B-4FFD-A88B-E04ED0F6CDC1}.Release|Any CPU.Build.0 = Release|Any CPU
		{B836E46B-678F-40DC-A9F1-04E577851A7F}.Debug|Any CPU.ActiveCfg = Debug|Any CPU
		{B836E46B-678F-40DC-A9F1-04E577851A7F}.Debug|Any CPU.Build.0 = Debug|Any CPU
		{B836E46B-678F-40DC-A9F1-04E577851A7F}.Release|Any CPU.ActiveCfg = Release|Any CPU
		{B836E46B-678F-40DC-A9F1-04E577851A7F}.Release|Any CPU.Build.0 = Release|Any CPU
		{E565DC8B-C51C-403B-8D53-33C6EE2D851A}.Debug|Any CPU.ActiveCfg = Debug|Any CPU
		{E565DC8B-C51C-403B-8D53-33C6EE2D851A}.Debug|Any CPU.Build.0 = Debug|Any CPU
		{E565DC8B-C51C-403B-8D53-33C6EE2D851A}.Release|Any CPU.ActiveCfg = Release|Any CPU
		{E565DC8B-C51C-403B-8D53-33C6EE2D851A}.Release|Any CPU.Build.0 = Release|Any CPU
		{168D7A1E-FFA2-4ED8-B128-EF861AC92454}.Debug|Any CPU.ActiveCfg = Debug|Any CPU
		{168D7A1E-FFA2-4ED8-B128-EF861AC92454}.Debug|Any CPU.Build.0 = Debug|Any CPU
		{168D7A1E-FFA2-4ED8-B128-EF861AC92454}.Release|Any CPU.ActiveCfg = Release|Any CPU
		{168D7A1E-FFA2-4ED8-B128-EF861AC92454}.Release|Any CPU.Build.0 = Release|Any CPU
		{0C1236B7-93FF-492C-9D81-089264984AD0}.Debug|Any CPU.ActiveCfg = Debug|Any CPU
		{0C1236B7-93FF-492C-9D81-089264984AD0}.Debug|Any CPU.Build.0 = Debug|Any CPU
		{0C1236B7-93FF-492C-9D81-089264984AD0}.Release|Any CPU.ActiveCfg = Release|Any CPU
		{0C1236B7-93FF-492C-9D81-089264984AD0}.Release|Any CPU.Build.0 = Release|Any CPU
		{AEF2585F-EE23-489A-8F22-A4D0866F3AF9}.Debug|Any CPU.ActiveCfg = Debug|Any CPU
		{AEF2585F-EE23-489A-8F22-A4D0866F3AF9}.Debug|Any CPU.Build.0 = Debug|Any CPU
		{AEF2585F-EE23-489A-8F22-A4D0866F3AF9}.Release|Any CPU.ActiveCfg = Release|Any CPU
		{AEF2585F-EE23-489A-8F22-A4D0866F3AF9}.Release|Any CPU.Build.0 = Release|Any CPU
		{64439F17-5261-44A2-ADF1-67E2A6A1DC8F}.Debug|Any CPU.ActiveCfg = Debug|Any CPU
		{64439F17-5261-44A2-ADF1-67E2A6A1DC8F}.Debug|Any CPU.Build.0 = Debug|Any CPU
		{64439F17-5261-44A2-ADF1-67E2A6A1DC8F}.Release|Any CPU.ActiveCfg = Release|Any CPU
		{64439F17-5261-44A2-ADF1-67E2A6A1DC8F}.Release|Any CPU.Build.0 = Release|Any CPU
		{04C05BAD-6DD9-4FB8-9B13-EA52EFC49755}.Debug|Any CPU.ActiveCfg = Debug|Any CPU
		{04C05BAD-6DD9-4FB8-9B13-EA52EFC49755}.Debug|Any CPU.Build.0 = Debug|Any CPU
		{04C05BAD-6DD9-4FB8-9B13-EA52EFC49755}.Release|Any CPU.ActiveCfg = Release|Any CPU
		{04C05BAD-6DD9-4FB8-9B13-EA52EFC49755}.Release|Any CPU.Build.0 = Release|Any CPU
		{1AD4D082-A1FE-4690-B81F-0A2BC1431BD1}.Debug|Any CPU.ActiveCfg = Debug|Any CPU
		{1AD4D082-A1FE-4690-B81F-0A2BC1431BD1}.Debug|Any CPU.Build.0 = Debug|Any CPU
		{1AD4D082-A1FE-4690-B81F-0A2BC1431BD1}.Release|Any CPU.ActiveCfg = Release|Any CPU
		{1AD4D082-A1FE-4690-B81F-0A2BC1431BD1}.Release|Any CPU.Build.0 = Release|Any CPU
		{4DB89AAA-F335-41FE-A2F8-D6DC833EF36D}.Debug|Any CPU.ActiveCfg = Debug|Any CPU
		{4DB89AAA-F335-41FE-A2F8-D6DC833EF36D}.Debug|Any CPU.Build.0 = Debug|Any CPU
		{4DB89AAA-F335-41FE-A2F8-D6DC833EF36D}.Release|Any CPU.ActiveCfg = Release|Any CPU
		{4DB89AAA-F335-41FE-A2F8-D6DC833EF36D}.Release|Any CPU.Build.0 = Release|Any CPU
		{45FBFA2A-CA67-4B3A-B713-21B14863BF24}.Debug|Any CPU.ActiveCfg = Debug|Any CPU
		{45FBFA2A-CA67-4B3A-B713-21B14863BF24}.Debug|Any CPU.Build.0 = Debug|Any CPU
		{45FBFA2A-CA67-4B3A-B713-21B14863BF24}.Release|Any CPU.ActiveCfg = Release|Any CPU
		{45FBFA2A-CA67-4B3A-B713-21B14863BF24}.Release|Any CPU.Build.0 = Release|Any CPU
		{6CCDDF74-8101-4CFD-9FCB-D1732BFD0D75}.Debug|Any CPU.ActiveCfg = Debug|Any CPU
		{6CCDDF74-8101-4CFD-9FCB-D1732BFD0D75}.Debug|Any CPU.Build.0 = Debug|Any CPU
		{6CCDDF74-8101-4CFD-9FCB-D1732BFD0D75}.Release|Any CPU.ActiveCfg = Release|Any CPU
		{6CCDDF74-8101-4CFD-9FCB-D1732BFD0D75}.Release|Any CPU.Build.0 = Release|Any CPU
		{F834250E-5144-436D-AE67-405D8C8BF7FE}.Debug|Any CPU.ActiveCfg = Debug|Any CPU
		{F834250E-5144-436D-AE67-405D8C8BF7FE}.Debug|Any CPU.Build.0 = Debug|Any CPU
		{F834250E-5144-436D-AE67-405D8C8BF7FE}.Release|Any CPU.ActiveCfg = Release|Any CPU
		{F834250E-5144-436D-AE67-405D8C8BF7FE}.Release|Any CPU.Build.0 = Release|Any CPU
		{35384D88-14F2-4C24-AA2D-BF63009BF3B4}.Debug|Any CPU.ActiveCfg = Debug|Any CPU
		{35384D88-14F2-4C24-AA2D-BF63009BF3B4}.Debug|Any CPU.Build.0 = Debug|Any CPU
		{35384D88-14F2-4C24-AA2D-BF63009BF3B4}.Release|Any CPU.ActiveCfg = Release|Any CPU
		{35384D88-14F2-4C24-AA2D-BF63009BF3B4}.Release|Any CPU.Build.0 = Release|Any CPU
		{F7294228-5CAA-4C93-8B17-61B7748C3B4F}.Debug|Any CPU.ActiveCfg = Debug|Any CPU
		{F7294228-5CAA-4C93-8B17-61B7748C3B4F}.Debug|Any CPU.Build.0 = Debug|Any CPU
		{F7294228-5CAA-4C93-8B17-61B7748C3B4F}.Release|Any CPU.ActiveCfg = Release|Any CPU
		{F7294228-5CAA-4C93-8B17-61B7748C3B4F}.Release|Any CPU.Build.0 = Release|Any CPU
		{E147910A-38C9-43CA-B986-C16CA7888F70}.Debug|Any CPU.ActiveCfg = Debug|Any CPU
		{E147910A-38C9-43CA-B986-C16CA7888F70}.Debug|Any CPU.Build.0 = Debug|Any CPU
		{E147910A-38C9-43CA-B986-C16CA7888F70}.Release|Any CPU.ActiveCfg = Release|Any CPU
		{E147910A-38C9-43CA-B986-C16CA7888F70}.Release|Any CPU.Build.0 = Release|Any CPU
		{F76A0854-DD4E-4C4B-8B8F-5C69356EC7C0}.Debug|Any CPU.ActiveCfg = Debug|Any CPU
		{F76A0854-DD4E-4C4B-8B8F-5C69356EC7C0}.Debug|Any CPU.Build.0 = Debug|Any CPU
		{F76A0854-DD4E-4C4B-8B8F-5C69356EC7C0}.Release|Any CPU.ActiveCfg = Release|Any CPU
		{F76A0854-DD4E-4C4B-8B8F-5C69356EC7C0}.Release|Any CPU.Build.0 = Release|Any CPU
		{EAEE95A4-81AE-4171-BBC3-5763A0C0BA32}.Debug|Any CPU.ActiveCfg = Debug|Any CPU
		{EAEE95A4-81AE-4171-BBC3-5763A0C0BA32}.Debug|Any CPU.Build.0 = Debug|Any CPU
		{EAEE95A4-81AE-4171-BBC3-5763A0C0BA32}.Release|Any CPU.ActiveCfg = Release|Any CPU
		{EAEE95A4-81AE-4171-BBC3-5763A0C0BA32}.Release|Any CPU.Build.0 = Release|Any CPU
		{E59F8BE4-AFFF-43B5-919D-DC63D9F7D464}.Debug|Any CPU.ActiveCfg = Debug|Any CPU
		{E59F8BE4-AFFF-43B5-919D-DC63D9F7D464}.Debug|Any CPU.Build.0 = Debug|Any CPU
		{E59F8BE4-AFFF-43B5-919D-DC63D9F7D464}.Release|Any CPU.ActiveCfg = Release|Any CPU
		{E59F8BE4-AFFF-43B5-919D-DC63D9F7D464}.Release|Any CPU.Build.0 = Release|Any CPU
		{50B703E1-56DA-4E8F-B948-779C50BF44EF}.Debug|Any CPU.ActiveCfg = Debug|Any CPU
		{50B703E1-56DA-4E8F-B948-779C50BF44EF}.Debug|Any CPU.Build.0 = Debug|Any CPU
		{50B703E1-56DA-4E8F-B948-779C50BF44EF}.Release|Any CPU.ActiveCfg = Release|Any CPU
		{50B703E1-56DA-4E8F-B948-779C50BF44EF}.Release|Any CPU.Build.0 = Release|Any CPU
		{89FBC3FB-8A39-483A-822B-997FDFE46387}.Debug|Any CPU.ActiveCfg = Debug|Any CPU
		{89FBC3FB-8A39-483A-822B-997FDFE46387}.Debug|Any CPU.Build.0 = Debug|Any CPU
		{89FBC3FB-8A39-483A-822B-997FDFE46387}.Release|Any CPU.ActiveCfg = Release|Any CPU
		{89FBC3FB-8A39-483A-822B-997FDFE46387}.Release|Any CPU.Build.0 = Release|Any CPU
		{E1872506-4F63-401C-B0FE-3DEF07A5BDBC}.Debug|Any CPU.ActiveCfg = Debug|Any CPU
		{E1872506-4F63-401C-B0FE-3DEF07A5BDBC}.Debug|Any CPU.Build.0 = Debug|Any CPU
		{E1872506-4F63-401C-B0FE-3DEF07A5BDBC}.Release|Any CPU.ActiveCfg = Release|Any CPU
		{E1872506-4F63-401C-B0FE-3DEF07A5BDBC}.Release|Any CPU.Build.0 = Release|Any CPU
		{4BC5078F-ABB9-4DF1-9EBD-C965AA657E85}.Debug|Any CPU.ActiveCfg = Debug|Any CPU
		{4BC5078F-ABB9-4DF1-9EBD-C965AA657E85}.Debug|Any CPU.Build.0 = Debug|Any CPU
		{4BC5078F-ABB9-4DF1-9EBD-C965AA657E85}.Release|Any CPU.ActiveCfg = Release|Any CPU
		{4BC5078F-ABB9-4DF1-9EBD-C965AA657E85}.Release|Any CPU.Build.0 = Release|Any CPU
		{8539F432-1990-4A1C-BF62-33D5127717AE}.Debug|Any CPU.ActiveCfg = Debug|Any CPU
		{8539F432-1990-4A1C-BF62-33D5127717AE}.Debug|Any CPU.Build.0 = Debug|Any CPU
		{8539F432-1990-4A1C-BF62-33D5127717AE}.Release|Any CPU.ActiveCfg = Release|Any CPU
		{8539F432-1990-4A1C-BF62-33D5127717AE}.Release|Any CPU.Build.0 = Release|Any CPU
		{1B3095F8-A91E-4A2C-96D2-C03ED90AC9B6}.Debug|Any CPU.ActiveCfg = Debug|Any CPU
		{1B3095F8-A91E-4A2C-96D2-C03ED90AC9B6}.Debug|Any CPU.Build.0 = Debug|Any CPU
		{1B3095F8-A91E-4A2C-96D2-C03ED90AC9B6}.Release|Any CPU.ActiveCfg = Release|Any CPU
		{1B3095F8-A91E-4A2C-96D2-C03ED90AC9B6}.Release|Any CPU.Build.0 = Release|Any CPU
		{B0A8093E-CA17-4195-94AC-A30D0D439FCD}.Debug|Any CPU.ActiveCfg = Debug|Any CPU
		{B0A8093E-CA17-4195-94AC-A30D0D439FCD}.Debug|Any CPU.Build.0 = Debug|Any CPU
		{B0A8093E-CA17-4195-94AC-A30D0D439FCD}.Release|Any CPU.ActiveCfg = Release|Any CPU
		{B0A8093E-CA17-4195-94AC-A30D0D439FCD}.Release|Any CPU.Build.0 = Release|Any CPU
		{937557E8-E34C-4EBA-9AC9-D378987F1B1E}.Debug|Any CPU.ActiveCfg = Debug|Any CPU
		{937557E8-E34C-4EBA-9AC9-D378987F1B1E}.Debug|Any CPU.Build.0 = Debug|Any CPU
		{937557E8-E34C-4EBA-9AC9-D378987F1B1E}.Release|Any CPU.ActiveCfg = Release|Any CPU
		{937557E8-E34C-4EBA-9AC9-D378987F1B1E}.Release|Any CPU.Build.0 = Release|Any CPU
		{21BAD1C8-B0DA-437B-8F57-444FD2ECF566}.Debug|Any CPU.ActiveCfg = Debug|Any CPU
		{21BAD1C8-B0DA-437B-8F57-444FD2ECF566}.Debug|Any CPU.Build.0 = Debug|Any CPU
		{21BAD1C8-B0DA-437B-8F57-444FD2ECF566}.Release|Any CPU.ActiveCfg = Release|Any CPU
		{21BAD1C8-B0DA-437B-8F57-444FD2ECF566}.Release|Any CPU.Build.0 = Release|Any CPU
		{D1009AE5-36B1-4F95-B490-9EE0580C770B}.Debug|Any CPU.ActiveCfg = Debug|Any CPU
		{D1009AE5-36B1-4F95-B490-9EE0580C770B}.Debug|Any CPU.Build.0 = Debug|Any CPU
		{D1009AE5-36B1-4F95-B490-9EE0580C770B}.Release|Any CPU.ActiveCfg = Release|Any CPU
		{D1009AE5-36B1-4F95-B490-9EE0580C770B}.Release|Any CPU.Build.0 = Release|Any CPU
		{C1FBFA6C-7BB8-4275-B719-EBDB30629EF6}.Debug|Any CPU.ActiveCfg = Debug|Any CPU
		{C1FBFA6C-7BB8-4275-B719-EBDB30629EF6}.Debug|Any CPU.Build.0 = Debug|Any CPU
		{C1FBFA6C-7BB8-4275-B719-EBDB30629EF6}.Release|Any CPU.ActiveCfg = Release|Any CPU
		{C1FBFA6C-7BB8-4275-B719-EBDB30629EF6}.Release|Any CPU.Build.0 = Release|Any CPU
	EndGlobalSection
	GlobalSection(NestedProjects) = preSolution
		{359088D9-DB0B-4FFD-A88B-E04ED0F6CDC1} = {DEF19761-C2D9-44CF-A4C9-95B4ECEE563D}
		{B836E46B-678F-40DC-A9F1-04E577851A7F} = {DEF19761-C2D9-44CF-A4C9-95B4ECEE563D}
		{4E40F9AA-AA45-4F14-ACE4-8C4273394E97} = {DEF19761-C2D9-44CF-A4C9-95B4ECEE563D}
		{0C1236B7-93FF-492C-9D81-089264984AD0} = {F508946A-B008-405A-8447-3B7380D3BF68}
		{AEF2585F-EE23-489A-8F22-A4D0866F3AF9} = {F508946A-B008-405A-8447-3B7380D3BF68}
		{168D7A1E-FFA2-4ED8-B128-EF861AC92454} = {804FCAC3-F1BE-4C7A-9DB9-A483B9741DB8}
		{04C05BAD-6DD9-4FB8-9B13-EA52EFC49755} = {804FCAC3-F1BE-4C7A-9DB9-A483B9741DB8}
		{E565DC8B-C51C-403B-8D53-33C6EE2D851A} = {804FCAC3-F1BE-4C7A-9DB9-A483B9741DB8}
		{64439F17-5261-44A2-ADF1-67E2A6A1DC8F} = {804FCAC3-F1BE-4C7A-9DB9-A483B9741DB8}
		{4DB89AAA-F335-41FE-A2F8-D6DC833EF36D} = {64A35B5E-A23A-48D3-AE50-B7B3877C8972}
		{45FBFA2A-CA67-4B3A-B713-21B14863BF24} = {64A35B5E-A23A-48D3-AE50-B7B3877C8972}
		{1AD4D082-A1FE-4690-B81F-0A2BC1431BD1} = {64A35B5E-A23A-48D3-AE50-B7B3877C8972}
		{6CCDDF74-8101-4CFD-9FCB-D1732BFD0D75} = {4E74CABD-9B7A-4147-BBD6-657BD0E8A31A}
		{F834250E-5144-436D-AE67-405D8C8BF7FE} = {4E74CABD-9B7A-4147-BBD6-657BD0E8A31A}
		{35384D88-14F2-4C24-AA2D-BF63009BF3B4} = {4E74CABD-9B7A-4147-BBD6-657BD0E8A31A}
		{F7294228-5CAA-4C93-8B17-61B7748C3B4F} = {ABDCB75D-13FE-488C-8E43-F1CAC6E86786}
		{E147910A-38C9-43CA-B986-C16CA7888F70} = {ABDCB75D-13FE-488C-8E43-F1CAC6E86786}
		{F76A0854-DD4E-4C4B-8B8F-5C69356EC7C0} = {ABDCB75D-13FE-488C-8E43-F1CAC6E86786}
		{EAEE95A4-81AE-4171-BBC3-5763A0C0BA32} = {F6E5AF36-FCC9-46A9-9EB6-B71BA72D9319}
		{E59F8BE4-AFFF-43B5-919D-DC63D9F7D464} = {F6E5AF36-FCC9-46A9-9EB6-B71BA72D9319}
		{50B703E1-56DA-4E8F-B948-779C50BF44EF} = {F7B36F32-67E0-4775-B722-D914AEEB0110}
		{89FBC3FB-8A39-483A-822B-997FDFE46387} = {F7B36F32-67E0-4775-B722-D914AEEB0110}
		{37D6E087-2B85-4CF7-A317-C60AA0A9F489} = {3B3B371D-1647-4AF8-B177-C1A6FE4B3FBA}
		{E1872506-4F63-401C-B0FE-3DEF07A5BDBC} = {37D6E087-2B85-4CF7-A317-C60AA0A9F489}
		{4BC5078F-ABB9-4DF1-9EBD-C965AA657E85} = {37D6E087-2B85-4CF7-A317-C60AA0A9F489}
		{8539F432-1990-4A1C-BF62-33D5127717AE} = {37D6E087-2B85-4CF7-A317-C60AA0A9F489}
		{1B3095F8-A91E-4A2C-96D2-C03ED90AC9B6} = {37D6E087-2B85-4CF7-A317-C60AA0A9F489}
		{B0A8093E-CA17-4195-94AC-A30D0D439FCD} = {3B3B371D-1647-4AF8-B177-C1A6FE4B3FBA}
		{937557E8-E34C-4EBA-9AC9-D378987F1B1E} = {3B3B371D-1647-4AF8-B177-C1A6FE4B3FBA}
		{21BAD1C8-B0DA-437B-8F57-444FD2ECF566} = {8117E0B9-954A-4C41-A242-11E31BEC278C}
		{D1009AE5-36B1-4F95-B490-9EE0580C770B} = {3A5A16BF-5F36-4E2D-9F0D-A6D48012D16D}
		{C1FBFA6C-7BB8-4275-B719-EBDB30629EF6} = {3A5A16BF-5F36-4E2D-9F0D-A6D48012D16D}
	EndGlobalSection
EndGlobal
