
Microsoft Visual Studio Solution File, Format Version 12.00
Project("{FAE04EC0-301F-11D3-BF4B-00C04F79EFBC}") = "Introduktion", "Introduktion\Introduktion.csproj", "{4E40F9AA-AA45-4F14-ACE4-8C4273394E97}"
EndProject
Project("{FAE04EC0-301F-11D3-BF4B-00C04F79EFBC}") = "MyLibrary", "MyLibrary\MyLibrary.csproj", "{359088D9-DB0B-4FFD-A88B-E04ED0F6CDC1}"
EndProject
Project("{FAE04EC0-301F-11D3-BF4B-00C04F79EFBC}") = "Liste", "Liste\Liste.csproj", "{B836E46B-678F-40DC-A9F1-04E577851A7F}"
EndProject
Project("{FAE04EC0-301F-11D3-BF4B-00C04F79EFBC}") = "BasicsAndLogic", "BasicsAndLogic\BasicsAndLogic.csproj", "{E565DC8B-C51C-403B-8D53-33C6EE2D851A}"
EndProject
Project("{FAE04EC0-301F-11D3-BF4B-00C04F79EFBC}") = "Fibonacci", "Fibonacci\Fibonacci.csproj", "{168D7A1E-FFA2-4ED8-B128-EF861AC92454}"
EndProject
Project("{FAE04EC0-301F-11D3-BF4B-00C04F79EFBC}") = "ErrorHandling", "ErrorHandling\ErrorHandling.csproj", "{0C1236B7-93FF-492C-9D81-089264984AD0}"
EndProject
Project("{FAE04EC0-301F-11D3-BF4B-00C04F79EFBC}") = "ShapeInheritance", "ShapeInheritance\ShapeInheritance.csproj", "{AEF2585F-EE23-489A-8F22-A4D0866F3AF9}"
EndProject
Project("{FAE04EC0-301F-11D3-BF4B-00C04F79EFBC}") = "DelegatesLambda", "DelegatesLambda\DelegatesLambda.csproj", "{64439F17-5261-44A2-ADF1-67E2A6A1DC8F}"
EndProject
Project("{FAE04EC0-301F-11D3-BF4B-00C04F79EFBC}") = "ActionDelegateLab", "ActionDelegateLab\ActionDelegateLab.csproj", "{04C05BAD-6DD9-4FB8-9B13-EA52EFC49755}"
EndProject
Project("{FAE04EC0-301F-11D3-BF4B-00C04F79EFBC}") = "Rekursion", "Rekursion\Rekursion.csproj", "{1AD4D082-A1FE-4690-B81F-0A2BC1431BD1}"
EndProject
Project("{FAE04EC0-301F-11D3-BF4B-00C04F79EFBC}") = "CardGame", "CardGame\CardGame.csproj", "{4DB89AAA-F335-41FE-A2F8-D6DC833EF36D}"
EndProject
Project("{FAE04EC0-301F-11D3-BF4B-00C04F79EFBC}") = "Interface", "Interface\Interface.csproj", "{45FBFA2A-CA67-4B3A-B713-21B14863BF24}"
EndProject
Project("{2150E333-8FDC-42A3-9474-1A3956D46DE8}") = "Lektion 5", "Lektion 5", "{4E74CABD-9B7A-4147-BBD6-657BD0E8A31A}"
EndProject
Project("{2150E333-8FDC-42A3-9474-1A3956D46DE8}") = "Lektion 4", "Lektion 4", "{64A35B5E-A23A-48D3-AE50-B7B3877C8972}"
EndProject
Project("{2150E333-8FDC-42A3-9474-1A3956D46DE8}") = "Lektion 3", "Lektion 3", "{804FCAC3-F1BE-4C7A-9DB9-A483B9741DB8}"
EndProject
Project("{2150E333-8FDC-42A3-9474-1A3956D46DE8}") = "Lektion 2", "Lektion 2", "{F508946A-B008-405A-8447-3B7380D3BF68}"
EndProject
Project("{2150E333-8FDC-42A3-9474-1A3956D46DE8}") = "Lektion 1", "Lektion 1", "{DEF19761-C2D9-44CF-A4C9-95B4ECEE563D}"
EndProject
Global
	GlobalSection(SolutionConfigurationPlatforms) = preSolution
		Debug|Any CPU = Debug|Any CPU
		Release|Any CPU = Release|Any CPU
	EndGlobalSection
	GlobalSection(ProjectConfigurationPlatforms) = postSolution
		{4E40F9AA-AA45-4F14-ACE4-8C4273394E97}.Debug|Any CPU.ActiveCfg = Debug|Any CPU
		{4E40F9AA-AA45-4F14-ACE4-8C4273394E97}.Debug|Any CPU.Build.0 = Debug|Any CPU
		{4E40F9AA-AA45-4F14-ACE4-8C4273394E97}.Release|Any CPU.ActiveCfg = Release|Any CPU
		{4E40F9AA-AA45-4F14-ACE4-8C4273394E97}.Release|Any CPU.Build.0 = Release|Any CPU
		{359088D9-DB0B-4FFD-A88B-E04ED0F6CDC1}.Debug|Any CPU.ActiveCfg = Debug|Any CPU
		{359088D9-DB0B-4FFD-A88B-E04ED0F6CDC1}.Debug|Any CPU.Build.0 = Debug|Any CPU
		{359088D9-DB0B-4FFD-A88B-E04ED0F6CDC1}.Release|Any CPU.ActiveCfg = Release|Any CPU
		{359088D9-DB0B-4FFD-A88B-E04ED0F6CDC1}.Release|Any CPU.Build.0 = Release|Any CPU
		{B836E46B-678F-40DC-A9F1-04E577851A7F}.Debug|Any CPU.ActiveCfg = Debug|Any CPU
		{B836E46B-678F-40DC-A9F1-04E577851A7F}.Debug|Any CPU.Build.0 = Debug|Any CPU
		{B836E46B-678F-40DC-A9F1-04E577851A7F}.Release|Any CPU.ActiveCfg = Release|Any CPU
		{B836E46B-678F-40DC-A9F1-04E577851A7F}.Release|Any CPU.Build.0 = Release|Any CPU
		{E565DC8B-C51C-403B-8D53-33C6EE2D851A}.Debug|Any CPU.ActiveCfg = Debug|Any CPU
		{E565DC8B-C51C-403B-8D53-33C6EE2D851A}.Debug|Any CPU.Build.0 = Debug|Any CPU
		{E565DC8B-C51C-403B-8D53-33C6EE2D851A}.Release|Any CPU.ActiveCfg = Release|Any CPU
		{E565DC8B-C51C-403B-8D53-33C6EE2D851A}.Release|Any CPU.Build.0 = Release|Any CPU
		{168D7A1E-FFA2-4ED8-B128-EF861AC92454}.Debug|Any CPU.ActiveCfg = Debug|Any CPU
		{168D7A1E-FFA2-4ED8-B128-EF861AC92454}.Debug|Any CPU.Build.0 = Debug|Any CPU
		{168D7A1E-FFA2-4ED8-B128-EF861AC92454}.Release|Any CPU.ActiveCfg = Release|Any CPU
		{168D7A1E-FFA2-4ED8-B128-EF861AC92454}.Release|Any CPU.Build.0 = Release|Any CPU
		{0C1236B7-93FF-492C-9D81-089264984AD0}.Debug|Any CPU.ActiveCfg = Debug|Any CPU
		{0C1236B7-93FF-492C-9D81-089264984AD0}.Debug|Any CPU.Build.0 = Debug|Any CPU
		{0C1236B7-93FF-492C-9D81-089264984AD0}.Release|Any CPU.ActiveCfg = Release|Any CPU
		{0C1236B7-93FF-492C-9D81-089264984AD0}.Release|Any CPU.Build.0 = Release|Any CPU
		{AEF2585F-EE23-489A-8F22-A4D0866F3AF9}.Debug|Any CPU.ActiveCfg = Debug|Any CPU
		{AEF2585F-EE23-489A-8F22-A4D0866F3AF9}.Debug|Any CPU.Build.0 = Debug|Any CPU
		{AEF2585F-EE23-489A-8F22-A4D0866F3AF9}.Release|Any CPU.ActiveCfg = Release|Any CPU
		{AEF2585F-EE23-489A-8F22-A4D0866F3AF9}.Release|Any CPU.Build.0 = Release|Any CPU
		{64439F17-5261-44A2-ADF1-67E2A6A1DC8F}.Debug|Any CPU.ActiveCfg = Debug|Any CPU
		{64439F17-5261-44A2-ADF1-67E2A6A1DC8F}.Debug|Any CPU.Build.0 = Debug|Any CPU
		{64439F17-5261-44A2-ADF1-67E2A6A1DC8F}.Release|Any CPU.ActiveCfg = Release|Any CPU
		{64439F17-5261-44A2-ADF1-67E2A6A1DC8F}.Release|Any CPU.Build.0 = Release|Any CPU
		{04C05BAD-6DD9-4FB8-9B13-EA52EFC49755}.Debug|Any CPU.ActiveCfg = Debug|Any CPU
		{04C05BAD-6DD9-4FB8-9B13-EA52EFC49755}.Debug|Any CPU.Build.0 = Debug|Any CPU
		{04C05BAD-6DD9-4FB8-9B13-EA52EFC49755}.Release|Any CPU.ActiveCfg = Release|Any CPU
		{04C05BAD-6DD9-4FB8-9B13-EA52EFC49755}.Release|Any CPU.Build.0 = Release|Any CPU
		{1AD4D082-A1FE-4690-B81F-0A2BC1431BD1}.Debug|Any CPU.ActiveCfg = Debug|Any CPU
		{1AD4D082-A1FE-4690-B81F-0A2BC1431BD1}.Debug|Any CPU.Build.0 = Debug|Any CPU
		{1AD4D082-A1FE-4690-B81F-0A2BC1431BD1}.Release|Any CPU.ActiveCfg = Release|Any CPU
		{1AD4D082-A1FE-4690-B81F-0A2BC1431BD1}.Release|Any CPU.Build.0 = Release|Any CPU
		{4DB89AAA-F335-41FE-A2F8-D6DC833EF36D}.Debug|Any CPU.ActiveCfg = Debug|Any CPU
		{4DB89AAA-F335-41FE-A2F8-D6DC833EF36D}.Debug|Any CPU.Build.0 = Debug|Any CPU
		{4DB89AAA-F335-41FE-A2F8-D6DC833EF36D}.Release|Any CPU.ActiveCfg = Release|Any CPU
		{4DB89AAA-F335-41FE-A2F8-D6DC833EF36D}.Release|Any CPU.Build.0 = Release|Any CPU
		{45FBFA2A-CA67-4B3A-B713-21B14863BF24}.Debug|Any CPU.ActiveCfg = Debug|Any CPU
		{45FBFA2A-CA67-4B3A-B713-21B14863BF24}.Debug|Any CPU.Build.0 = Debug|Any CPU
		{45FBFA2A-CA67-4B3A-B713-21B14863BF24}.Release|Any CPU.ActiveCfg = Release|Any CPU
		{45FBFA2A-CA67-4B3A-B713-21B14863BF24}.Release|Any CPU.Build.0 = Release|Any CPU
	EndGlobalSection
	GlobalSection(NestedProjects) = preSolution
		{359088D9-DB0B-4FFD-A88B-E04ED0F6CDC1} = {DEF19761-C2D9-44CF-A4C9-95B4ECEE563D}
		{B836E46B-678F-40DC-A9F1-04E577851A7F} = {DEF19761-C2D9-44CF-A4C9-95B4ECEE563D}
		{4E40F9AA-AA45-4F14-ACE4-8C4273394E97} = {DEF19761-C2D9-44CF-A4C9-95B4ECEE563D}
		{0C1236B7-93FF-492C-9D81-089264984AD0} = {F508946A-B008-405A-8447-3B7380D3BF68}
		{AEF2585F-EE23-489A-8F22-A4D0866F3AF9} = {F508946A-B008-405A-8447-3B7380D3BF68}
		{168D7A1E-FFA2-4ED8-B128-EF861AC92454} = {804FCAC3-F1BE-4C7A-9DB9-A483B9741DB8}
		{04C05BAD-6DD9-4FB8-9B13-EA52EFC49755} = {804FCAC3-F1BE-4C7A-9DB9-A483B9741DB8}
		{E565DC8B-C51C-403B-8D53-33C6EE2D851A} = {804FCAC3-F1BE-4C7A-9DB9-A483B9741DB8}
		{64439F17-5261-44A2-ADF1-67E2A6A1DC8F} = {804FCAC3-F1BE-4C7A-9DB9-A483B9741DB8}
		{4DB89AAA-F335-41FE-A2F8-D6DC833EF36D} = {64A35B5E-A23A-48D3-AE50-B7B3877C8972}
		{45FBFA2A-CA67-4B3A-B713-21B14863BF24} = {64A35B5E-A23A-48D3-AE50-B7B3877C8972}
		{1AD4D082-A1FE-4690-B81F-0A2BC1431BD1} = {64A35B5E-A23A-48D3-AE50-B7B3877C8972}
	EndGlobalSection
EndGlobal
